
Microsoft Visual Studio Solution File, Format Version 11.00
# Visual Studio 2010
Project("{FAE04EC0-301F-11D3-BF4B-00C04F79EFBC}") = "Planetaria", "Assembly-CSharp.csproj", "{514BDA10-8EB7-F8F7-0421-D7D2EF0A982E}"
EndProject
Global
	GlobalSection(SolutionConfigurationPlatforms) = preSolution
		Debug|Any CPU = Debug|Any CPU
		Release|Any CPU = Release|Any CPU
	EndGlobalSection
	GlobalSection(ProjectConfigurationPlatforms) = postSolution
		{514BDA10-8EB7-F8F7-0421-D7D2EF0A982E}.Debug|Any CPU.ActiveCfg = Debug|Any CPU
		{514BDA10-8EB7-F8F7-0421-D7D2EF0A982E}.Debug|Any CPU.Build.0 = Debug|Any CPU
		{514BDA10-8EB7-F8F7-0421-D7D2EF0A982E}.Release|Any CPU.ActiveCfg = Release|Any CPU
		{514BDA10-8EB7-F8F7-0421-D7D2EF0A982E}.Release|Any CPU.Build.0 = Release|Any CPU
	EndGlobalSection
	GlobalSection(SolutionProperties) = preSolution
		HideSolutionNode = FALSE
	EndGlobalSection
	GlobalSection(MonoDevelopProperties) = preSolution
		StartupItem = Assembly-CSharp.csproj
	EndGlobalSection
EndGlobal
